
Microsoft Visual Studio Solution File, Format Version 12.00
# Visual Studio 15
VisualStudioVersion = 15.0.28307.489
MinimumVisualStudioVersion = 10.0.40219.1
Project("{FAE04EC0-301F-11D3-BF4B-00C04F79EFBC}") = "CourseworkHelsi", "CourseworkHelsi\CourseworkHelsi.csproj", "{E30EBEE4-1354-4C3A-A030-22E4548258D1}"
EndProject
Global
	GlobalSection(SolutionConfigurationPlatforms) = preSolution
		Debug|Any CPU = Debug|Any CPU
		Release|Any CPU = Release|Any CPU
	EndGlobalSection
	GlobalSection(ProjectConfigurationPlatforms) = postSolution
		{E30EBEE4-1354-4C3A-A030-22E4548258D1}.Debug|Any CPU.ActiveCfg = Debug|Any CPU
		{E30EBEE4-1354-4C3A-A030-22E4548258D1}.Debug|Any CPU.Build.0 = Debug|Any CPU
		{E30EBEE4-1354-4C3A-A030-22E4548258D1}.Release|Any CPU.ActiveCfg = Release|Any CPU
		{E30EBEE4-1354-4C3A-A030-22E4548258D1}.Release|Any CPU.Build.0 = Release|Any CPU
	EndGlobalSection
	GlobalSection(SolutionProperties) = preSolution
		HideSolutionNode = FALSE
	EndGlobalSection
	GlobalSection(ExtensibilityGlobals) = postSolution
		SolutionGuid = {C4776A2D-2905-4CEB-A560-368DD2A21783}
	EndGlobalSection
EndGlobal
